// !$*UTF8*$!
{
	archiveVersion = 1;
	classes = {
	};
	objectVersion = 56;
	objects = {

/* Begin PBXBuildFile section */
		0448134F29D1DDAC00A08C9C /* HelloWordApp.swift in Sources */ = {isa = PBXBuildFile; fileRef = 0448134E29D1DDAC00A08C9C /* HelloWordApp.swift */; };
		0448135129D1DDAC00A08C9C /* ContentView.swift in Sources */ = {isa = PBXBuildFile; fileRef = 0448135029D1DDAC00A08C9C /* ContentView.swift */; };
		0448135329D1DDAE00A08C9C /* Assets.xcassets in Resources */ = {isa = PBXBuildFile; fileRef = 0448135229D1DDAE00A08C9C /* Assets.xcassets */; };
		0448135629D1DDAE00A08C9C /* Preview Assets.xcassets in Resources */ = {isa = PBXBuildFile; fileRef = 0448135529D1DDAE00A08C9C /* Preview Assets.xcassets */; };
		0448136029D1DDAE00A08C9C /* HelloWordTests.swift in Sources */ = {isa = PBXBuildFile; fileRef = 0448135F29D1DDAE00A08C9C /* HelloWordTests.swift */; };
		0448136A29D1DDAE00A08C9C /* HelloWordUITests.swift in Sources */ = {isa = PBXBuildFile; fileRef = 0448136929D1DDAE00A08C9C /* HelloWordUITests.swift */; };
		0448136C29D1DDAE00A08C9C /* HelloWordUITestsLaunchTests.swift in Sources */ = {isa = PBXBuildFile; fileRef = 0448136B29D1DDAE00A08C9C /* HelloWordUITestsLaunchTests.swift */; };
/* End PBXBuildFile section */

/* Begin PBXContainerItemProxy section */
		0448135C29D1DDAE00A08C9C /* PBXContainerItemProxy */ = {
			isa = PBXContainerItemProxy;
			containerPortal = 0448134329D1DDAC00A08C9C /* Project object */;
			proxyType = 1;
			remoteGlobalIDString = 0448134A29D1DDAC00A08C9C;
			remoteInfo = HelloWord;
		};
		0448136629D1DDAE00A08C9C /* PBXContainerItemProxy */ = {
			isa = PBXContainerItemProxy;
			containerPortal = 0448134329D1DDAC00A08C9C /* Project object */;
			proxyType = 1;
			remoteGlobalIDString = 0448134A29D1DDAC00A08C9C;
			remoteInfo = HelloWord;
		};
/* End PBXContainerItemProxy section */

/* Begin PBXFileReference section */
		0448134B29D1DDAC00A08C9C /* HelloWord.app */ = {isa = PBXFileReference; explicitFileType = wrapper.application; includeInIndex = 0; path = HelloWord.app; sourceTree = BUILT_PRODUCTS_DIR; };
		0448134E29D1DDAC00A08C9C /* HelloWordApp.swift */ = {isa = PBXFileReference; lastKnownFileType = sourcecode.swift; path = HelloWordApp.swift; sourceTree = "<group>"; };
		0448135029D1DDAC00A08C9C /* ContentView.swift */ = {isa = PBXFileReference; lastKnownFileType = sourcecode.swift; path = ContentView.swift; sourceTree = "<group>"; };
		0448135229D1DDAE00A08C9C /* Assets.xcassets */ = {isa = PBXFileReference; lastKnownFileType = folder.assetcatalog; path = Assets.xcassets; sourceTree = "<group>"; };
		0448135529D1DDAE00A08C9C /* Preview Assets.xcassets */ = {isa = PBXFileReference; lastKnownFileType = folder.assetcatalog; path = "Preview Assets.xcassets"; sourceTree = "<group>"; };
		0448135B29D1DDAE00A08C9C /* HelloWordTests.xctest */ = {isa = PBXFileReference; explicitFileType = wrapper.cfbundle; includeInIndex = 0; path = HelloWordTests.xctest; sourceTree = BUILT_PRODUCTS_DIR; };
		0448135F29D1DDAE00A08C9C /* HelloWordTests.swift */ = {isa = PBXFileReference; lastKnownFileType = sourcecode.swift; path = HelloWordTests.swift; sourceTree = "<group>"; };
		0448136529D1DDAE00A08C9C /* HelloWordUITests.xctest */ = {isa = PBXFileReference; explicitFileType = wrapper.cfbundle; includeInIndex = 0; path = HelloWordUITests.xctest; sourceTree = BUILT_PRODUCTS_DIR; };
		0448136929D1DDAE00A08C9C /* HelloWordUITests.swift */ = {isa = PBXFileReference; lastKnownFileType = sourcecode.swift; path = HelloWordUITests.swift; sourceTree = "<group>"; };
		0448136B29D1DDAE00A08C9C /* HelloWordUITestsLaunchTests.swift */ = {isa = PBXFileReference; lastKnownFileType = sourcecode.swift; path = HelloWordUITestsLaunchTests.swift; sourceTree = "<group>"; };
/* End PBXFileReference section */

/* Begin PBXFrameworksBuildPhase section */
		0448134829D1DDAC00A08C9C /* Frameworks */ = {
			isa = PBXFrameworksBuildPhase;
			buildActionMask = 2147483647;
			files = (
			);
			runOnlyForDeploymentPostprocessing = 0;
		};
		0448135829D1DDAE00A08C9C /* Frameworks */ = {
			isa = PBXFrameworksBuildPhase;
			buildActionMask = 2147483647;
			files = (
			);
			runOnlyForDeploymentPostprocessing = 0;
		};
		0448136229D1DDAE00A08C9C /* Frameworks */ = {
			isa = PBXFrameworksBuildPhase;
			buildActionMask = 2147483647;
			files = (
			);
			runOnlyForDeploymentPostprocessing = 0;
		};
/* End PBXFrameworksBuildPhase section */

/* Begin PBXGroup section */
		0448134229D1DDAC00A08C9C = {
			isa = PBXGroup;
			children = (
				0448134D29D1DDAC00A08C9C /* HelloWord */,
				0448135E29D1DDAE00A08C9C /* HelloWordTests */,
				0448136829D1DDAE00A08C9C /* HelloWordUITests */,
				0448134C29D1DDAC00A08C9C /* Products */,
			);
			sourceTree = "<group>";
		};
		0448134C29D1DDAC00A08C9C /* Products */ = {
			isa = PBXGroup;
			children = (
				0448134B29D1DDAC00A08C9C /* HelloWord.app */,
				0448135B29D1DDAE00A08C9C /* HelloWordTests.xctest */,
				0448136529D1DDAE00A08C9C /* HelloWordUITests.xctest */,
			);
			name = Products;
			sourceTree = "<group>";
		};
		0448134D29D1DDAC00A08C9C /* HelloWord */ = {
			isa = PBXGroup;
			children = (
				0448134E29D1DDAC00A08C9C /* HelloWordApp.swift */,
				0448135029D1DDAC00A08C9C /* ContentView.swift */,
				0448135229D1DDAE00A08C9C /* Assets.xcassets */,
				0448135429D1DDAE00A08C9C /* Preview Content */,
			);
			path = HelloWord;
			sourceTree = "<group>";
		};
		0448135429D1DDAE00A08C9C /* Preview Content */ = {
			isa = PBXGroup;
			children = (
				0448135529D1DDAE00A08C9C /* Preview Assets.xcassets */,
			);
			path = "Preview Content";
			sourceTree = "<group>";
		};
		0448135E29D1DDAE00A08C9C /* HelloWordTests */ = {
			isa = PBXGroup;
			children = (
				0448135F29D1DDAE00A08C9C /* HelloWordTests.swift */,
			);
			path = HelloWordTests;
			sourceTree = "<group>";
		};
		0448136829D1DDAE00A08C9C /* HelloWordUITests */ = {
			isa = PBXGroup;
			children = (
				0448136929D1DDAE00A08C9C /* HelloWordUITests.swift */,
				0448136B29D1DDAE00A08C9C /* HelloWordUITestsLaunchTests.swift */,
			);
			path = HelloWordUITests;
			sourceTree = "<group>";
		};
/* End PBXGroup section */

/* Begin PBXNativeTarget section */
		0448134A29D1DDAC00A08C9C /* HelloWord */ = {
			isa = PBXNativeTarget;
			buildConfigurationList = 0448136F29D1DDAE00A08C9C /* Build configuration list for PBXNativeTarget "HelloWord" */;
			buildPhases = (
				0448134729D1DDAC00A08C9C /* Sources */,
				0448134829D1DDAC00A08C9C /* Frameworks */,
				0448134929D1DDAC00A08C9C /* Resources */,
			);
			buildRules = (
			);
			dependencies = (
			);
			name = HelloWord;
			productName = HelloWord;
			productReference = 0448134B29D1DDAC00A08C9C /* HelloWord.app */;
			productType = "com.apple.product-type.application";
		};
		0448135A29D1DDAE00A08C9C /* HelloWordTests */ = {
			isa = PBXNativeTarget;
			buildConfigurationList = 0448137229D1DDAE00A08C9C /* Build configuration list for PBXNativeTarget "HelloWordTests" */;
			buildPhases = (
				0448135729D1DDAE00A08C9C /* Sources */,
				0448135829D1DDAE00A08C9C /* Frameworks */,
				0448135929D1DDAE00A08C9C /* Resources */,
			);
			buildRules = (
			);
			dependencies = (
				0448135D29D1DDAE00A08C9C /* PBXTargetDependency */,
			);
			name = HelloWordTests;
			productName = HelloWordTests;
			productReference = 0448135B29D1DDAE00A08C9C /* HelloWordTests.xctest */;
			productType = "com.apple.product-type.bundle.unit-test";
		};
		0448136429D1DDAE00A08C9C /* HelloWordUITests */ = {
			isa = PBXNativeTarget;
			buildConfigurationList = 0448137529D1DDAE00A08C9C /* Build configuration list for PBXNativeTarget "HelloWordUITests" */;
			buildPhases = (
				0448136129D1DDAE00A08C9C /* Sources */,
				0448136229D1DDAE00A08C9C /* Frameworks */,
				0448136329D1DDAE00A08C9C /* Resources */,
			);
			buildRules = (
			);
			dependencies = (
				0448136729D1DDAE00A08C9C /* PBXTargetDependency */,
			);
			name = HelloWordUITests;
			productName = HelloWordUITests;
			productReference = 0448136529D1DDAE00A08C9C /* HelloWordUITests.xctest */;
			productType = "com.apple.product-type.bundle.ui-testing";
		};
/* End PBXNativeTarget section */

/* Begin PBXProject section */
		0448134329D1DDAC00A08C9C /* Project object */ = {
			isa = PBXProject;
			attributes = {
				BuildIndependentTargetsInParallel = 1;
				LastSwiftUpdateCheck = 1420;
				LastUpgradeCheck = 1420;
				TargetAttributes = {
					0448134A29D1DDAC00A08C9C = {
						CreatedOnToolsVersion = 14.2;
					};
					0448135A29D1DDAE00A08C9C = {
						CreatedOnToolsVersion = 14.2;
						TestTargetID = 0448134A29D1DDAC00A08C9C;
					};
					0448136429D1DDAE00A08C9C = {
						CreatedOnToolsVersion = 14.2;
						TestTargetID = 0448134A29D1DDAC00A08C9C;
					};
				};
			};
			buildConfigurationList = 0448134629D1DDAC00A08C9C /* Build configuration list for PBXProject "HelloWord" */;
			compatibilityVersion = "Xcode 14.0";
			developmentRegion = en;
			hasScannedForEncodings = 0;
			knownRegions = (
				en,
				Base,
			);
			mainGroup = 0448134229D1DDAC00A08C9C;
			productRefGroup = 0448134C29D1DDAC00A08C9C /* Products */;
			projectDirPath = "";
			projectRoot = "";
			targets = (
				0448134A29D1DDAC00A08C9C /* HelloWord */,
				0448135A29D1DDAE00A08C9C /* HelloWordTests */,
				0448136429D1DDAE00A08C9C /* HelloWordUITests */,
			);
		};
/* End PBXProject section */

/* Begin PBXResourcesBuildPhase section */
		0448134929D1DDAC00A08C9C /* Resources */ = {
			isa = PBXResourcesBuildPhase;
			buildActionMask = 2147483647;
			files = (
				0448135629D1DDAE00A08C9C /* Preview Assets.xcassets in Resources */,
				0448135329D1DDAE00A08C9C /* Assets.xcassets in Resources */,
			);
			runOnlyForDeploymentPostprocessing = 0;
		};
		0448135929D1DDAE00A08C9C /* Resources */ = {
			isa = PBXResourcesBuildPhase;
			buildActionMask = 2147483647;
			files = (
			);
			runOnlyForDeploymentPostprocessing = 0;
		};
		0448136329D1DDAE00A08C9C /* Resources */ = {
			isa = PBXResourcesBuildPhase;
			buildActionMask = 2147483647;
			files = (
			);
			runOnlyForDeploymentPostprocessing = 0;
		};
/* End PBXResourcesBuildPhase section */

/* Begin PBXSourcesBuildPhase section */
		0448134729D1DDAC00A08C9C /* Sources */ = {
			isa = PBXSourcesBuildPhase;
			buildActionMask = 2147483647;
			files = (
				0448135129D1DDAC00A08C9C /* ContentView.swift in Sources */,
				0448134F29D1DDAC00A08C9C /* HelloWordApp.swift in Sources */,
			);
			runOnlyForDeploymentPostprocessing = 0;
		};
		0448135729D1DDAE00A08C9C /* Sources */ = {
			isa = PBXSourcesBuildPhase;
			buildActionMask = 2147483647;
			files = (
				0448136029D1DDAE00A08C9C /* HelloWordTests.swift in Sources */,
			);
			runOnlyForDeploymentPostprocessing = 0;
		};
		0448136129D1DDAE00A08C9C /* Sources */ = {
			isa = PBXSourcesBuildPhase;
			buildActionMask = 2147483647;
			files = (
				0448136A29D1DDAE00A08C9C /* HelloWordUITests.swift in Sources */,
				0448136C29D1DDAE00A08C9C /* HelloWordUITestsLaunchTests.swift in Sources */,
			);
			runOnlyForDeploymentPostprocessing = 0;
		};
/* End PBXSourcesBuildPhase section */

/* Begin PBXTargetDependency section */
		0448135D29D1DDAE00A08C9C /* PBXTargetDependency */ = {
			isa = PBXTargetDependency;
			target = 0448134A29D1DDAC00A08C9C /* HelloWord */;
			targetProxy = 0448135C29D1DDAE00A08C9C /* PBXContainerItemProxy */;
		};
		0448136729D1DDAE00A08C9C /* PBXTargetDependency */ = {
			isa = PBXTargetDependency;
			target = 0448134A29D1DDAC00A08C9C /* HelloWord */;
			targetProxy = 0448136629D1DDAE00A08C9C /* PBXContainerItemProxy */;
		};
/* End PBXTargetDependency section */

/* Begin XCBuildConfiguration section */
		0448136D29D1DDAE00A08C9C /* Debug */ = {
			isa = XCBuildConfiguration;
			buildSettings = {
				ALWAYS_SEARCH_USER_PATHS = NO;
				CLANG_ANALYZER_NONNULL = YES;
				CLANG_ANALYZER_NUMBER_OBJECT_CONVERSION = YES_AGGRESSIVE;
				CLANG_CXX_LANGUAGE_STANDARD = "gnu++20";
				CLANG_ENABLE_MODULES = YES;
				CLANG_ENABLE_OBJC_ARC = YES;
				CLANG_ENABLE_OBJC_WEAK = YES;
				CLANG_WARN_BLOCK_CAPTURE_AUTORELEASING = YES;
				CLANG_WARN_BOOL_CONVERSION = YES;
				CLANG_WARN_COMMA = YES;
				CLANG_WARN_CONSTANT_CONVERSION = YES;
				CLANG_WARN_DEPRECATED_OBJC_IMPLEMENTATIONS = YES;
				CLANG_WARN_DIRECT_OBJC_ISA_USAGE = YES_ERROR;
				CLANG_WARN_DOCUMENTATION_COMMENTS = YES;
				CLANG_WARN_EMPTY_BODY = YES;
				CLANG_WARN_ENUM_CONVERSION = YES;
				CLANG_WARN_INFINITE_RECURSION = YES;
				CLANG_WARN_INT_CONVERSION = YES;
				CLANG_WARN_NON_LITERAL_NULL_CONVERSION = YES;
				CLANG_WARN_OBJC_IMPLICIT_RETAIN_SELF = YES;
				CLANG_WARN_OBJC_LITERAL_CONVERSION = YES;
				CLANG_WARN_OBJC_ROOT_CLASS = YES_ERROR;
				CLANG_WARN_QUOTED_INCLUDE_IN_FRAMEWORK_HEADER = YES;
				CLANG_WARN_RANGE_LOOP_ANALYSIS = YES;
				CLANG_WARN_STRICT_PROTOTYPES = YES;
				CLANG_WARN_SUSPICIOUS_MOVE = YES;
				CLANG_WARN_UNGUARDED_AVAILABILITY = YES_AGGRESSIVE;
				CLANG_WARN_UNREACHABLE_CODE = YES;
				CLANG_WARN__DUPLICATE_METHOD_MATCH = YES;
				COPY_PHASE_STRIP = NO;
				DEBUG_INFORMATION_FORMAT = dwarf;
				ENABLE_STRICT_OBJC_MSGSEND = YES;
				ENABLE_TESTABILITY = YES;
				GCC_C_LANGUAGE_STANDARD = gnu11;
				GCC_DYNAMIC_NO_PIC = NO;
				GCC_NO_COMMON_BLOCKS = YES;
				GCC_OPTIMIZATION_LEVEL = 0;
				GCC_PREPROCESSOR_DEFINITIONS = (
					"DEBUG=1",
					"$(inherited)",
				);
				GCC_WARN_64_TO_32_BIT_CONVERSION = YES;
				GCC_WARN_ABOUT_RETURN_TYPE = YES_ERROR;
				GCC_WARN_UNDECLARED_SELECTOR = YES;
				GCC_WARN_UNINITIALIZED_AUTOS = YES_AGGRESSIVE;
				GCC_WARN_UNUSED_FUNCTION = YES;
				GCC_WARN_UNUSED_VARIABLE = YES;
				IPHONEOS_DEPLOYMENT_TARGET = 16.2;
				MTL_ENABLE_DEBUG_INFO = INCLUDE_SOURCE;
				MTL_FAST_MATH = YES;
				ONLY_ACTIVE_ARCH = YES;
				SDKROOT = iphoneos;
				SWIFT_ACTIVE_COMPILATION_CONDITIONS = DEBUG;
				SWIFT_OPTIMIZATION_LEVEL = "-Onone";
			};
			name = Debug;
		};
		0448136E29D1DDAE00A08C9C /* Release */ = {
			isa = XCBuildConfiguration;
			buildSettings = {
				ALWAYS_SEARCH_USER_PATHS = NO;
				CLANG_ANALYZER_NONNULL = YES;
				CLANG_ANALYZER_NUMBER_OBJECT_CONVERSION = YES_AGGRESSIVE;
				CLANG_CXX_LANGUAGE_STANDARD = "gnu++20";
				CLANG_ENABLE_MODULES = YES;
				CLANG_ENABLE_OBJC_ARC = YES;
				CLANG_ENABLE_OBJC_WEAK = YES;
				CLANG_WARN_BLOCK_CAPTURE_AUTORELEASING = YES;
				CLANG_WARN_BOOL_CONVERSION = YES;
				CLANG_WARN_COMMA = YES;
				CLANG_WARN_CONSTANT_CONVERSION = YES;
				CLANG_WARN_DEPRECATED_OBJC_IMPLEMENTATIONS = YES;
				CLANG_WARN_DIRECT_OBJC_ISA_USAGE = YES_ERROR;
				CLANG_WARN_DOCUMENTATION_COMMENTS = YES;
				CLANG_WARN_EMPTY_BODY = YES;
				CLANG_WARN_ENUM_CONVERSION = YES;
				CLANG_WARN_INFINITE_RECURSION = YES;
				CLANG_WARN_INT_CONVERSION = YES;
				CLANG_WARN_NON_LITERAL_NULL_CONVERSION = YES;
				CLANG_WARN_OBJC_IMPLICIT_RETAIN_SELF = YES;
				CLANG_WARN_OBJC_LITERAL_CONVERSION = YES;
				CLANG_WARN_OBJC_ROOT_CLASS = YES_ERROR;
				CLANG_WARN_QUOTED_INCLUDE_IN_FRAMEWORK_HEADER = YES;
				CLANG_WARN_RANGE_LOOP_ANALYSIS = YES;
				CLANG_WARN_STRICT_PROTOTYPES = YES;
				CLANG_WARN_SUSPICIOUS_MOVE = YES;
				CLANG_WARN_UNGUARDED_AVAILABILITY = YES_AGGRESSIVE;
				CLANG_WARN_UNREACHABLE_CODE = YES;
				CLANG_WARN__DUPLICATE_METHOD_MATCH = YES;
				COPY_PHASE_STRIP = NO;
				DEBUG_INFORMATION_FORMAT = "dwarf-with-dsym";
				ENABLE_NS_ASSERTIONS = NO;
				ENABLE_STRICT_OBJC_MSGSEND = YES;
				GCC_C_LANGUAGE_STANDARD = gnu11;
				GCC_NO_COMMON_BLOCKS = YES;
				GCC_WARN_64_TO_32_BIT_CONVERSION = YES;
				GCC_WARN_ABOUT_RETURN_TYPE = YES_ERROR;
				GCC_WARN_UNDECLARED_SELECTOR = YES;
				GCC_WARN_UNINITIALIZED_AUTOS = YES_AGGRESSIVE;
				GCC_WARN_UNUSED_FUNCTION = YES;
				GCC_WARN_UNUSED_VARIABLE = YES;
				IPHONEOS_DEPLOYMENT_TARGET = 16.2;
				MTL_ENABLE_DEBUG_INFO = NO;
				MTL_FAST_MATH = YES;
				SDKROOT = iphoneos;
				SWIFT_COMPILATION_MODE = wholemodule;
				SWIFT_OPTIMIZATION_LEVEL = "-O";
				VALIDATE_PRODUCT = YES;
			};
			name = Release;
		};
		0448137029D1DDAE00A08C9C /* Debug */ = {
			isa = XCBuildConfiguration;
			buildSettings = {
				ASSETCATALOG_COMPILER_APPICON_NAME = AppIcon;
				ASSETCATALOG_COMPILER_GLOBAL_ACCENT_COLOR_NAME = AccentColor;
				CODE_SIGN_STYLE = Automatic;
				CURRENT_PROJECT_VERSION = 1;
				DEVELOPMENT_ASSET_PATHS = "\"HelloWord/Preview Content\"";
				DEVELOPMENT_TEAM = 48982ZPG9T;
				ENABLE_PREVIEWS = YES;
				GENERATE_INFOPLIST_FILE = YES;
				INFOPLIST_KEY_UIApplicationSceneManifest_Generation = YES;
				INFOPLIST_KEY_UIApplicationSupportsIndirectInputEvents = YES;
				INFOPLIST_KEY_UILaunchScreen_Generation = YES;
				INFOPLIST_KEY_UISupportedInterfaceOrientations_iPad = "UIInterfaceOrientationPortrait UIInterfaceOrientationPortraitUpsideDown UIInterfaceOrientationLandscapeLeft UIInterfaceOrientationLandscapeRight";
				INFOPLIST_KEY_UISupportedInterfaceOrientations_iPhone = "UIInterfaceOrientationPortrait UIInterfaceOrientationLandscapeLeft UIInterfaceOrientationLandscapeRight";
				LD_RUNPATH_SEARCH_PATHS = (
					"$(inherited)",
					"@executable_path/Frameworks",
				);
				MARKETING_VERSION = 1.0;
				PRODUCT_BUNDLE_IDENTIFIER = co.gbolahan.HelloWord;
				PRODUCT_NAME = "$(TARGET_NAME)";
				SWIFT_EMIT_LOC_STRINGS = YES;
				SWIFT_VERSION = 5.0;
				TARGETED_DEVICE_FAMILY = "1,2";
			};
			name = Debug;
		};
		0448137129D1DDAE00A08C9C /* Release */ = {
			isa = XCBuildConfiguration;
			buildSettings = {
				ASSETCATALOG_COMPILER_APPICON_NAME = AppIcon;
				ASSETCATALOG_COMPILER_GLOBAL_ACCENT_COLOR_NAME = AccentColor;
				CODE_SIGN_STYLE = Automatic;
				CURRENT_PROJECT_VERSION = 1;
				DEVELOPMENT_ASSET_PATHS = "\"HelloWord/Preview Content\"";
				DEVELOPMENT_TEAM = 48982ZPG9T;
				ENABLE_PREVIEWS = YES;
				GENERATE_INFOPLIST_FILE = YES;
				INFOPLIST_KEY_UIApplicationSceneManifest_Generation = YES;
				INFOPLIST_KEY_UIApplicationSupportsIndirectInputEvents = YES;
				INFOPLIST_KEY_UILaunchScreen_Generation = YES;
				INFOPLIST_KEY_UISupportedInterfaceOrientations_iPad = "UIInterfaceOrientationPortrait UIInterfaceOrientationPortraitUpsideDown UIInterfaceOrientationLandscapeLeft UIInterfaceOrientationLandscapeRight";
				INFOPLIST_KEY_UISupportedInterfaceOrientations_iPhone = "UIInterfaceOrientationPortrait UIInterfaceOrientationLandscapeLeft UIInterfaceOrientationLandscapeRight";
				LD_RUNPATH_SEARCH_PATHS = (
					"$(inherited)",
					"@executable_path/Frameworks",
				);
				MARKETING_VERSION = 1.0;
				PRODUCT_BUNDLE_IDENTIFIER = co.gbolahan.HelloWord;
				PRODUCT_NAME = "$(TARGET_NAME)";
				SWIFT_EMIT_LOC_STRINGS = YES;
				SWIFT_VERSION = 5.0;
				TARGETED_DEVICE_FAMILY = "1,2";
			};
			name = Release;
		};
		0448137329D1DDAE00A08C9C /* Debug */ = {
			isa = XCBuildConfiguration;
			buildSettings = {
				ALWAYS_EMBED_SWIFT_STANDARD_LIBRARIES = YES;
				BUNDLE_LOADER = "$(TEST_HOST)";
				CODE_SIGN_STYLE = Automatic;
				CURRENT_PROJECT_VERSION = 1;
				DEVELOPMENT_TEAM = 48982ZPG9T;
				GENERATE_INFOPLIST_FILE = YES;
				IPHONEOS_DEPLOYMENT_TARGET = 16.2;
				MARKETING_VERSION = 1.0;
				PRODUCT_BUNDLE_IDENTIFIER = co.gbolahan.HelloWordTests;
				PRODUCT_NAME = "$(TARGET_NAME)";
				SWIFT_EMIT_LOC_STRINGS = NO;
				SWIFT_VERSION = 5.0;
				TARGETED_DEVICE_FAMILY = "1,2";
				TEST_HOST = "$(BUILT_PRODUCTS_DIR)/HelloWord.app/$(BUNDLE_EXECUTABLE_FOLDER_PATH)/HelloWord";
			};
			name = Debug;
		};
		0448137429D1DDAE00A08C9C /* Release */ = {
			isa = XCBuildConfiguration;
			buildSettings = {
				ALWAYS_EMBED_SWIFT_STANDARD_LIBRARIES = YES;
				BUNDLE_LOADER = "$(TEST_HOST)";
				CODE_SIGN_STYLE = Automatic;
				CURRENT_PROJECT_VERSION = 1;
				DEVELOPMENT_TEAM = 48982ZPG9T;
				GENERATE_INFOPLIST_FILE = YES;
				IPHONEOS_DEPLOYMENT_TARGET = 16.2;
				MARKETING_VERSION = 1.0;
				PRODUCT_BUNDLE_IDENTIFIER = co.gbolahan.HelloWordTests;
				PRODUCT_NAME = "$(TARGET_NAME)";
				SWIFT_EMIT_LOC_STRINGS = NO;
				SWIFT_VERSION = 5.0;
				TARGETED_DEVICE_FAMILY = "1,2";
				TEST_HOST = "$(BUILT_PRODUCTS_DIR)/HelloWord.app/$(BUNDLE_EXECUTABLE_FOLDER_PATH)/HelloWord";
			};
			name = Release;
		};
		0448137629D1DDAE00A08C9C /* Debug */ = {
			isa = XCBuildConfiguration;
			buildSettings = {
				ALWAYS_EMBED_SWIFT_STANDARD_LIBRARIES = YES;
				CODE_SIGN_STYLE = Automatic;
				CURRENT_PROJECT_VERSION = 1;
				DEVELOPMENT_TEAM = 48982ZPG9T;
				GENERATE_INFOPLIST_FILE = YES;
				MARKETING_VERSION = 1.0;
				PRODUCT_BUNDLE_IDENTIFIER = co.gbolahan.HelloWordUITests;
				PRODUCT_NAME = "$(TARGET_NAME)";
				SWIFT_EMIT_LOC_STRINGS = NO;
				SWIFT_VERSION = 5.0;
				TARGETED_DEVICE_FAMILY = "1,2";
				TEST_TARGET_NAME = HelloWord;
			};
			name = Debug;
		};
		0448137729D1DDAE00A08C9C /* Release */ = {
			isa = XCBuildConfiguration;
			buildSettings = {
				ALWAYS_EMBED_SWIFT_STANDARD_LIBRARIES = YES;
				CODE_SIGN_STYLE = Automatic;
				CURRENT_PROJECT_VERSION = 1;
				DEVELOPMENT_TEAM = 48982ZPG9T;
				GENERATE_INFOPLIST_FILE = YES;
				MARKETING_VERSION = 1.0;
				PRODUCT_BUNDLE_IDENTIFIER = co.gbolahan.HelloWordUITests;
				PRODUCT_NAME = "$(TARGET_NAME)";
				SWIFT_EMIT_LOC_STRINGS = NO;
				SWIFT_VERSION = 5.0;
				TARGETED_DEVICE_FAMILY = "1,2";
				TEST_TARGET_NAME = HelloWord;
			};
			name = Release;
		};
/* End XCBuildConfiguration section */

/* Begin XCConfigurationList section */
		0448134629D1DDAC00A08C9C /* Build configuration list for PBXProject "HelloWord" */ = {
			isa = XCConfigurationList;
			buildConfigurations = (
				0448136D29D1DDAE00A08C9C /* Debug */,
				0448136E29D1DDAE00A08C9C /* Release */,
			);
			defaultConfigurationIsVisible = 0;
			defaultConfigurationName = Release;
		};
		0448136F29D1DDAE00A08C9C /* Build configuration list for PBXNativeTarget "HelloWord" */ = {
			isa = XCConfigurationList;
			buildConfigurations = (
				0448137029D1DDAE00A08C9C /* Debug */,
				0448137129D1DDAE00A08C9C /* Release */,
			);
			defaultConfigurationIsVisible = 0;
			defaultConfigurationName = Release;
		};
		0448137229D1DDAE00A08C9C /* Build configuration list for PBXNativeTarget "HelloWordTests" */ = {
			isa = XCConfigurationList;
			buildConfigurations = (
				0448137329D1DDAE00A08C9C /* Debug */,
				0448137429D1DDAE00A08C9C /* Release */,
			);
			defaultConfigurationIsVisible = 0;
			defaultConfigurationName = Release;
		};
		0448137529D1DDAE00A08C9C /* Build configuration list for PBXNativeTarget "HelloWordUITests" */ = {
			isa = XCConfigurationList;
			buildConfigurations = (
				0448137629D1DDAE00A08C9C /* Debug */,
				0448137729D1DDAE00A08C9C /* Release */,
			);
			defaultConfigurationIsVisible = 0;
			defaultConfigurationName = Release;
		};
/* End XCConfigurationList section */
	};
	rootObject = 0448134329D1DDAC00A08C9C /* Project object */;
}
