// !$*UTF8*$!
{
	archiveVersion = 1;
	classes = {
	};
	objectVersion = 56;
	objects = {

/* Begin PBXBuildFile section */
		042FAC6C2B5826080020906A /* DestinationSearchView.swift in Sources */ = {isa = PBXBuildFile; fileRef = 042FAC6B2B5826080020906A /* DestinationSearchView.swift */; };
		04F255522B50257F00B4C618 /* AirbnbCloneApp.swift in Sources */ = {isa = PBXBuildFile; fileRef = 04F255512B50257F00B4C618 /* AirbnbCloneApp.swift */; };
		04F255542B50257F00B4C618 /* ContentView.swift in Sources */ = {isa = PBXBuildFile; fileRef = 04F255532B50257F00B4C618 /* ContentView.swift */; };
		04F255562B50258000B4C618 /* Assets.xcassets in Resources */ = {isa = PBXBuildFile; fileRef = 04F255552B50258000B4C618 /* Assets.xcassets */; };
		04F255592B50258000B4C618 /* Preview Assets.xcassets in Resources */ = {isa = PBXBuildFile; fileRef = 04F255582B50258000B4C618 /* Preview Assets.xcassets */; };
		04F2556B2B50270600B4C618 /* ExploreView.swift in Sources */ = {isa = PBXBuildFile; fileRef = 04F2556A2B50270600B4C618 /* ExploreView.swift */; };
		04F2556D2B5034E000B4C618 /* ListingView.swift in Sources */ = {isa = PBXBuildFile; fileRef = 04F2556C2B5034E000B4C618 /* ListingView.swift */; };
		04F2556F2B5167D600B4C618 /* SearchAndFilterBarView.swift in Sources */ = {isa = PBXBuildFile; fileRef = 04F2556E2B5167D600B4C618 /* SearchAndFilterBarView.swift */; };
		04F255712B516D1000B4C618 /* ListingDetailView.swift in Sources */ = {isa = PBXBuildFile; fileRef = 04F255702B516D1000B4C618 /* ListingDetailView.swift */; };
		04F255742B5552FE00B4C618 /* ListingImageCarouselView.swift in Sources */ = {isa = PBXBuildFile; fileRef = 04F255732B5552FE00B4C618 /* ListingImageCarouselView.swift */; };
		04F7F1E82B5EA40300D16D05 /* ProfileView.swift in Sources */ = {isa = PBXBuildFile; fileRef = 04F7F1E72B5EA40300D16D05 /* ProfileView.swift */; };
		04F7F1EA2B5ED3EE00D16D05 /* ProfileOptionRowView.swift in Sources */ = {isa = PBXBuildFile; fileRef = 04F7F1E92B5ED3EE00D16D05 /* ProfileOptionRowView.swift */; };
		04F7F1EC2B5ED65500D16D05 /* WishlistsView.swift in Sources */ = {isa = PBXBuildFile; fileRef = 04F7F1EB2B5ED65500D16D05 /* WishlistsView.swift */; };
		04F7F1EE2B5ED86A00D16D05 /* MainTabView.swift in Sources */ = {isa = PBXBuildFile; fileRef = 04F7F1ED2B5ED86A00D16D05 /* MainTabView.swift */; };
/* End PBXBuildFile section */

/* Begin PBXFileReference section */
		042FAC6B2B5826080020906A /* DestinationSearchView.swift */ = {isa = PBXFileReference; lastKnownFileType = sourcecode.swift; path = DestinationSearchView.swift; sourceTree = "<group>"; };
		04F2554E2B50257F00B4C618 /* AirbnbClone.app */ = {isa = PBXFileReference; explicitFileType = wrapper.application; includeInIndex = 0; path = AirbnbClone.app; sourceTree = BUILT_PRODUCTS_DIR; };
		04F255512B50257F00B4C618 /* AirbnbCloneApp.swift */ = {isa = PBXFileReference; lastKnownFileType = sourcecode.swift; path = AirbnbCloneApp.swift; sourceTree = "<group>"; };
		04F255532B50257F00B4C618 /* ContentView.swift */ = {isa = PBXFileReference; lastKnownFileType = sourcecode.swift; path = ContentView.swift; sourceTree = "<group>"; };
		04F255552B50258000B4C618 /* Assets.xcassets */ = {isa = PBXFileReference; lastKnownFileType = folder.assetcatalog; path = Assets.xcassets; sourceTree = "<group>"; };
		04F255582B50258000B4C618 /* Preview Assets.xcassets */ = {isa = PBXFileReference; lastKnownFileType = folder.assetcatalog; path = "Preview Assets.xcassets"; sourceTree = "<group>"; };
		04F2556A2B50270600B4C618 /* ExploreView.swift */ = {isa = PBXFileReference; lastKnownFileType = sourcecode.swift; path = ExploreView.swift; sourceTree = "<group>"; };
		04F2556C2B5034E000B4C618 /* ListingView.swift */ = {isa = PBXFileReference; lastKnownFileType = sourcecode.swift; path = ListingView.swift; sourceTree = "<group>"; };
		04F2556E2B5167D600B4C618 /* SearchAndFilterBarView.swift */ = {isa = PBXFileReference; lastKnownFileType = sourcecode.swift; path = SearchAndFilterBarView.swift; sourceTree = "<group>"; };
		04F255702B516D1000B4C618 /* ListingDetailView.swift */ = {isa = PBXFileReference; lastKnownFileType = sourcecode.swift; path = ListingDetailView.swift; sourceTree = "<group>"; };
		04F255732B5552FE00B4C618 /* ListingImageCarouselView.swift */ = {isa = PBXFileReference; lastKnownFileType = sourcecode.swift; path = ListingImageCarouselView.swift; sourceTree = "<group>"; };
		04F7F1E72B5EA40300D16D05 /* ProfileView.swift */ = {isa = PBXFileReference; lastKnownFileType = sourcecode.swift; path = ProfileView.swift; sourceTree = "<group>"; };
		04F7F1E92B5ED3EE00D16D05 /* ProfileOptionRowView.swift */ = {isa = PBXFileReference; lastKnownFileType = sourcecode.swift; path = ProfileOptionRowView.swift; sourceTree = "<group>"; };
		04F7F1EB2B5ED65500D16D05 /* WishlistsView.swift */ = {isa = PBXFileReference; lastKnownFileType = sourcecode.swift; path = WishlistsView.swift; sourceTree = "<group>"; };
		04F7F1ED2B5ED86A00D16D05 /* MainTabView.swift */ = {isa = PBXFileReference; lastKnownFileType = sourcecode.swift; path = MainTabView.swift; sourceTree = "<group>"; };
/* End PBXFileReference section */

/* Begin PBXFrameworksBuildPhase section */
		04F2554B2B50257F00B4C618 /* Frameworks */ = {
			isa = PBXFrameworksBuildPhase;
			buildActionMask = 2147483647;
			files = (
			);
			runOnlyForDeploymentPostprocessing = 0;
		};
/* End PBXFrameworksBuildPhase section */

/* Begin PBXGroup section */
		04F255452B50257F00B4C618 = {
			isa = PBXGroup;
			children = (
				04F255502B50257F00B4C618 /* AirbnbClone */,
				04F2554F2B50257F00B4C618 /* Products */,
			);
			sourceTree = "<group>";
		};
		04F2554F2B50257F00B4C618 /* Products */ = {
			isa = PBXGroup;
			children = (
				04F2554E2B50257F00B4C618 /* AirbnbClone.app */,
			);
			name = Products;
			sourceTree = "<group>";
		};
		04F255502B50257F00B4C618 /* AirbnbClone */ = {
			isa = PBXGroup;
			children = (
				04F255632B50261500B4C618 /* Utils */,
				04F255622B50260800B4C618 /* Models */,
				04F255612B5025FD00B4C618 /* Extensions */,
				04F255602B5025F200B4C618 /* Core */,
				04F2555F2B5025DE00B4C618 /* App */,
				04F255512B50257F00B4C618 /* AirbnbCloneApp.swift */,
				04F255532B50257F00B4C618 /* ContentView.swift */,
				04F255552B50258000B4C618 /* Assets.xcassets */,
				04F255572B50258000B4C618 /* Preview Content */,
			);
			path = AirbnbClone;
			sourceTree = "<group>";
		};
		04F255572B50258000B4C618 /* Preview Content */ = {
			isa = PBXGroup;
			children = (
				04F255582B50258000B4C618 /* Preview Assets.xcassets */,
			);
			path = "Preview Content";
			sourceTree = "<group>";
		};
		04F2555F2B5025DE00B4C618 /* App */ = {
			isa = PBXGroup;
			children = (
			);
			path = App;
			sourceTree = "<group>";
		};
		04F255602B5025F200B4C618 /* Core */ = {
			isa = PBXGroup;
			children = (
				04F255722B5552BC00B4C618 /* Components */,
				04F255692B5026A800B4C618 /* Profile */,
				04F255682B50268F00B4C618 /* TabBar */,
				04F255672B50268900B4C618 /* Root */,
				04F255662B50267E00B4C618 /* MapView */,
				04F255652B50267300B4C618 /* Listings */,
				04F255642B50262300B4C618 /* Explore */,
			);
			path = Core;
			sourceTree = "<group>";
		};
		04F255612B5025FD00B4C618 /* Extensions */ = {
			isa = PBXGroup;
			children = (
			);
			path = Extensions;
			sourceTree = "<group>";
		};
		04F255622B50260800B4C618 /* Models */ = {
			isa = PBXGroup;
			children = (
			);
			path = Models;
			sourceTree = "<group>";
		};
		04F255632B50261500B4C618 /* Utils */ = {
			isa = PBXGroup;
			children = (
			);
			path = Utils;
			sourceTree = "<group>";
		};
		04F255642B50262300B4C618 /* Explore */ = {
			isa = PBXGroup;
			children = (
				04F2556A2B50270600B4C618 /* ExploreView.swift */,
				04F2556E2B5167D600B4C618 /* SearchAndFilterBarView.swift */,
				042FAC6B2B5826080020906A /* DestinationSearchView.swift */,
			);
			path = Explore;
			sourceTree = "<group>";
		};
		04F255652B50267300B4C618 /* Listings */ = {
			isa = PBXGroup;
			children = (
				04F2556C2B5034E000B4C618 /* ListingView.swift */,
				04F255702B516D1000B4C618 /* ListingDetailView.swift */,
			);
			path = Listings;
			sourceTree = "<group>";
		};
		04F255662B50267E00B4C618 /* MapView */ = {
			isa = PBXGroup;
			children = (
			);
			path = MapView;
			sourceTree = "<group>";
		};
		04F255672B50268900B4C618 /* Root */ = {
			isa = PBXGroup;
			children = (
			);
			path = Root;
			sourceTree = "<group>";
		};
		04F255682B50268F00B4C618 /* TabBar */ = {
			isa = PBXGroup;
			children = (
				04F7F1ED2B5ED86A00D16D05 /* MainTabView.swift */,
			);
			path = TabBar;
			sourceTree = "<group>";
		};
		04F255692B5026A800B4C618 /* Profile */ = {
			isa = PBXGroup;
			children = (
				04F7F1E72B5EA40300D16D05 /* ProfileView.swift */,
				04F7F1E92B5ED3EE00D16D05 /* ProfileOptionRowView.swift */,
				04F7F1EB2B5ED65500D16D05 /* WishlistsView.swift */,
			);
			path = Profile;
			sourceTree = "<group>";
		};
		04F255722B5552BC00B4C618 /* Components */ = {
			isa = PBXGroup;
			children = (
				04F255732B5552FE00B4C618 /* ListingImageCarouselView.swift */,
			);
			path = Components;
			sourceTree = "<group>";
		};
/* End PBXGroup section */

/* Begin PBXNativeTarget section */
		04F2554D2B50257F00B4C618 /* AirbnbClone */ = {
			isa = PBXNativeTarget;
			buildConfigurationList = 04F2555C2B50258000B4C618 /* Build configuration list for PBXNativeTarget "AirbnbClone" */;
			buildPhases = (
				04F2554A2B50257F00B4C618 /* Sources */,
				04F2554B2B50257F00B4C618 /* Frameworks */,
				04F2554C2B50257F00B4C618 /* Resources */,
			);
			buildRules = (
			);
			dependencies = (
			);
			name = AirbnbClone;
			productName = AirbnbClone;
			productReference = 04F2554E2B50257F00B4C618 /* AirbnbClone.app */;
			productType = "com.apple.product-type.application";
		};
/* End PBXNativeTarget section */

/* Begin PBXProject section */
		04F255462B50257F00B4C618 /* Project object */ = {
			isa = PBXProject;
			attributes = {
				BuildIndependentTargetsInParallel = 1;
				LastSwiftUpdateCheck = 1420;
				LastUpgradeCheck = 1420;
				TargetAttributes = {
					04F2554D2B50257F00B4C618 = {
						CreatedOnToolsVersion = 14.2;
					};
				};
			};
			buildConfigurationList = 04F255492B50257F00B4C618 /* Build configuration list for PBXProject "AirbnbClone" */;
			compatibilityVersion = "Xcode 14.0";
			developmentRegion = en;
			hasScannedForEncodings = 0;
			knownRegions = (
				en,
				Base,
			);
			mainGroup = 04F255452B50257F00B4C618;
			productRefGroup = 04F2554F2B50257F00B4C618 /* Products */;
			projectDirPath = "";
			projectRoot = "";
			targets = (
				04F2554D2B50257F00B4C618 /* AirbnbClone */,
			);
		};
/* End PBXProject section */

/* Begin PBXResourcesBuildPhase section */
		04F2554C2B50257F00B4C618 /* Resources */ = {
			isa = PBXResourcesBuildPhase;
			buildActionMask = 2147483647;
			files = (
				04F255592B50258000B4C618 /* Preview Assets.xcassets in Resources */,
				04F255562B50258000B4C618 /* Assets.xcassets in Resources */,
			);
			runOnlyForDeploymentPostprocessing = 0;
		};
/* End PBXResourcesBuildPhase section */

/* Begin PBXSourcesBuildPhase section */
		04F2554A2B50257F00B4C618 /* Sources */ = {
			isa = PBXSourcesBuildPhase;
			buildActionMask = 2147483647;
			files = (
				04F255742B5552FE00B4C618 /* ListingImageCarouselView.swift in Sources */,
				04F7F1E82B5EA40300D16D05 /* ProfileView.swift in Sources */,
				04F7F1EA2B5ED3EE00D16D05 /* ProfileOptionRowView.swift in Sources */,
				042FAC6C2B5826080020906A /* DestinationSearchView.swift in Sources */,
				04F2556F2B5167D600B4C618 /* SearchAndFilterBarView.swift in Sources */,
				04F255542B50257F00B4C618 /* ContentView.swift in Sources */,
				04F7F1EC2B5ED65500D16D05 /* WishlistsView.swift in Sources */,
				04F2556D2B5034E000B4C618 /* ListingView.swift in Sources */,
				04F2556B2B50270600B4C618 /* ExploreView.swift in Sources */,
				04F255712B516D1000B4C618 /* ListingDetailView.swift in Sources */,
				04F255522B50257F00B4C618 /* AirbnbCloneApp.swift in Sources */,
				04F7F1EE2B5ED86A00D16D05 /* MainTabView.swift in Sources */,
			);
			runOnlyForDeploymentPostprocessing = 0;
		};
/* End PBXSourcesBuildPhase section */

/* Begin XCBuildConfiguration section */
		04F2555A2B50258000B4C618 /* Debug */ = {
			isa = XCBuildConfiguration;
			buildSettings = {
				ALWAYS_SEARCH_USER_PATHS = NO;
				CLANG_ANALYZER_NONNULL = YES;
				CLANG_ANALYZER_NUMBER_OBJECT_CONVERSION = YES_AGGRESSIVE;
				CLANG_CXX_LANGUAGE_STANDARD = "gnu++20";
				CLANG_ENABLE_MODULES = YES;
				CLANG_ENABLE_OBJC_ARC = YES;
				CLANG_ENABLE_OBJC_WEAK = YES;
				CLANG_WARN_BLOCK_CAPTURE_AUTORELEASING = YES;
				CLANG_WARN_BOOL_CONVERSION = YES;
				CLANG_WARN_COMMA = YES;
				CLANG_WARN_CONSTANT_CONVERSION = YES;
				CLANG_WARN_DEPRECATED_OBJC_IMPLEMENTATIONS = YES;
				CLANG_WARN_DIRECT_OBJC_ISA_USAGE = YES_ERROR;
				CLANG_WARN_DOCUMENTATION_COMMENTS = YES;
				CLANG_WARN_EMPTY_BODY = YES;
				CLANG_WARN_ENUM_CONVERSION = YES;
				CLANG_WARN_INFINITE_RECURSION = YES;
				CLANG_WARN_INT_CONVERSION = YES;
				CLANG_WARN_NON_LITERAL_NULL_CONVERSION = YES;
				CLANG_WARN_OBJC_IMPLICIT_RETAIN_SELF = YES;
				CLANG_WARN_OBJC_LITERAL_CONVERSION = YES;
				CLANG_WARN_OBJC_ROOT_CLASS = YES_ERROR;
				CLANG_WARN_QUOTED_INCLUDE_IN_FRAMEWORK_HEADER = YES;
				CLANG_WARN_RANGE_LOOP_ANALYSIS = YES;
				CLANG_WARN_STRICT_PROTOTYPES = YES;
				CLANG_WARN_SUSPICIOUS_MOVE = YES;
				CLANG_WARN_UNGUARDED_AVAILABILITY = YES_AGGRESSIVE;
				CLANG_WARN_UNREACHABLE_CODE = YES;
				CLANG_WARN__DUPLICATE_METHOD_MATCH = YES;
				COPY_PHASE_STRIP = NO;
				DEBUG_INFORMATION_FORMAT = dwarf;
				ENABLE_STRICT_OBJC_MSGSEND = YES;
				ENABLE_TESTABILITY = YES;
				GCC_C_LANGUAGE_STANDARD = gnu11;
				GCC_DYNAMIC_NO_PIC = NO;
				GCC_NO_COMMON_BLOCKS = YES;
				GCC_OPTIMIZATION_LEVEL = 0;
				GCC_PREPROCESSOR_DEFINITIONS = (
					"DEBUG=1",
					"$(inherited)",
				);
				GCC_WARN_64_TO_32_BIT_CONVERSION = YES;
				GCC_WARN_ABOUT_RETURN_TYPE = YES_ERROR;
				GCC_WARN_UNDECLARED_SELECTOR = YES;
				GCC_WARN_UNINITIALIZED_AUTOS = YES_AGGRESSIVE;
				GCC_WARN_UNUSED_FUNCTION = YES;
				GCC_WARN_UNUSED_VARIABLE = YES;
				IPHONEOS_DEPLOYMENT_TARGET = 16.2;
				MTL_ENABLE_DEBUG_INFO = INCLUDE_SOURCE;
				MTL_FAST_MATH = YES;
				ONLY_ACTIVE_ARCH = YES;
				SDKROOT = iphoneos;
				SWIFT_ACTIVE_COMPILATION_CONDITIONS = DEBUG;
				SWIFT_OPTIMIZATION_LEVEL = "-Onone";
			};
			name = Debug;
		};
		04F2555B2B50258000B4C618 /* Release */ = {
			isa = XCBuildConfiguration;
			buildSettings = {
				ALWAYS_SEARCH_USER_PATHS = NO;
				CLANG_ANALYZER_NONNULL = YES;
				CLANG_ANALYZER_NUMBER_OBJECT_CONVERSION = YES_AGGRESSIVE;
				CLANG_CXX_LANGUAGE_STANDARD = "gnu++20";
				CLANG_ENABLE_MODULES = YES;
				CLANG_ENABLE_OBJC_ARC = YES;
				CLANG_ENABLE_OBJC_WEAK = YES;
				CLANG_WARN_BLOCK_CAPTURE_AUTORELEASING = YES;
				CLANG_WARN_BOOL_CONVERSION = YES;
				CLANG_WARN_COMMA = YES;
				CLANG_WARN_CONSTANT_CONVERSION = YES;
				CLANG_WARN_DEPRECATED_OBJC_IMPLEMENTATIONS = YES;
				CLANG_WARN_DIRECT_OBJC_ISA_USAGE = YES_ERROR;
				CLANG_WARN_DOCUMENTATION_COMMENTS = YES;
				CLANG_WARN_EMPTY_BODY = YES;
				CLANG_WARN_ENUM_CONVERSION = YES;
				CLANG_WARN_INFINITE_RECURSION = YES;
				CLANG_WARN_INT_CONVERSION = YES;
				CLANG_WARN_NON_LITERAL_NULL_CONVERSION = YES;
				CLANG_WARN_OBJC_IMPLICIT_RETAIN_SELF = YES;
				CLANG_WARN_OBJC_LITERAL_CONVERSION = YES;
				CLANG_WARN_OBJC_ROOT_CLASS = YES_ERROR;
				CLANG_WARN_QUOTED_INCLUDE_IN_FRAMEWORK_HEADER = YES;
				CLANG_WARN_RANGE_LOOP_ANALYSIS = YES;
				CLANG_WARN_STRICT_PROTOTYPES = YES;
				CLANG_WARN_SUSPICIOUS_MOVE = YES;
				CLANG_WARN_UNGUARDED_AVAILABILITY = YES_AGGRESSIVE;
				CLANG_WARN_UNREACHABLE_CODE = YES;
				CLANG_WARN__DUPLICATE_METHOD_MATCH = YES;
				COPY_PHASE_STRIP = NO;
				DEBUG_INFORMATION_FORMAT = "dwarf-with-dsym";
				ENABLE_NS_ASSERTIONS = NO;
				ENABLE_STRICT_OBJC_MSGSEND = YES;
				GCC_C_LANGUAGE_STANDARD = gnu11;
				GCC_NO_COMMON_BLOCKS = YES;
				GCC_WARN_64_TO_32_BIT_CONVERSION = YES;
				GCC_WARN_ABOUT_RETURN_TYPE = YES_ERROR;
				GCC_WARN_UNDECLARED_SELECTOR = YES;
				GCC_WARN_UNINITIALIZED_AUTOS = YES_AGGRESSIVE;
				GCC_WARN_UNUSED_FUNCTION = YES;
				GCC_WARN_UNUSED_VARIABLE = YES;
				IPHONEOS_DEPLOYMENT_TARGET = 16.2;
				MTL_ENABLE_DEBUG_INFO = NO;
				MTL_FAST_MATH = YES;
				SDKROOT = iphoneos;
				SWIFT_COMPILATION_MODE = wholemodule;
				SWIFT_OPTIMIZATION_LEVEL = "-O";
				VALIDATE_PRODUCT = YES;
			};
			name = Release;
		};
		04F2555D2B50258000B4C618 /* Debug */ = {
			isa = XCBuildConfiguration;
			buildSettings = {
				ASSETCATALOG_COMPILER_APPICON_NAME = AppIcon;
				ASSETCATALOG_COMPILER_GLOBAL_ACCENT_COLOR_NAME = AccentColor;
				CODE_SIGN_STYLE = Automatic;
				CURRENT_PROJECT_VERSION = 1;
				DEVELOPMENT_ASSET_PATHS = "\"AirbnbClone/Preview Content\"";
				DEVELOPMENT_TEAM = 48982ZPG9T;
				ENABLE_PREVIEWS = YES;
				GENERATE_INFOPLIST_FILE = YES;
				INFOPLIST_KEY_UIApplicationSceneManifest_Generation = YES;
				INFOPLIST_KEY_UIApplicationSupportsIndirectInputEvents = YES;
				INFOPLIST_KEY_UILaunchScreen_Generation = YES;
				INFOPLIST_KEY_UISupportedInterfaceOrientations_iPad = "UIInterfaceOrientationPortrait UIInterfaceOrientationPortraitUpsideDown UIInterfaceOrientationLandscapeLeft UIInterfaceOrientationLandscapeRight";
				INFOPLIST_KEY_UISupportedInterfaceOrientations_iPhone = "UIInterfaceOrientationPortrait UIInterfaceOrientationLandscapeLeft UIInterfaceOrientationLandscapeRight";
				LD_RUNPATH_SEARCH_PATHS = (
					"$(inherited)",
					"@executable_path/Frameworks",
				);
				MARKETING_VERSION = 1.0;
				PRODUCT_BUNDLE_IDENTIFIER = co.gbolahan.AirbnbClone;
				PRODUCT_NAME = "$(TARGET_NAME)";
				SWIFT_EMIT_LOC_STRINGS = YES;
				SWIFT_VERSION = 5.0;
				TARGETED_DEVICE_FAMILY = "1,2";
			};
			name = Debug;
		};
		04F2555E2B50258000B4C618 /* Release */ = {
			isa = XCBuildConfiguration;
			buildSettings = {
				ASSETCATALOG_COMPILER_APPICON_NAME = AppIcon;
				ASSETCATALOG_COMPILER_GLOBAL_ACCENT_COLOR_NAME = AccentColor;
				CODE_SIGN_STYLE = Automatic;
				CURRENT_PROJECT_VERSION = 1;
				DEVELOPMENT_ASSET_PATHS = "\"AirbnbClone/Preview Content\"";
				DEVELOPMENT_TEAM = 48982ZPG9T;
				ENABLE_PREVIEWS = YES;
				GENERATE_INFOPLIST_FILE = YES;
				INFOPLIST_KEY_UIApplicationSceneManifest_Generation = YES;
				INFOPLIST_KEY_UIApplicationSupportsIndirectInputEvents = YES;
				INFOPLIST_KEY_UILaunchScreen_Generation = YES;
				INFOPLIST_KEY_UISupportedInterfaceOrientations_iPad = "UIInterfaceOrientationPortrait UIInterfaceOrientationPortraitUpsideDown UIInterfaceOrientationLandscapeLeft UIInterfaceOrientationLandscapeRight";
				INFOPLIST_KEY_UISupportedInterfaceOrientations_iPhone = "UIInterfaceOrientationPortrait UIInterfaceOrientationLandscapeLeft UIInterfaceOrientationLandscapeRight";
				LD_RUNPATH_SEARCH_PATHS = (
					"$(inherited)",
					"@executable_path/Frameworks",
				);
				MARKETING_VERSION = 1.0;
				PRODUCT_BUNDLE_IDENTIFIER = co.gbolahan.AirbnbClone;
				PRODUCT_NAME = "$(TARGET_NAME)";
				SWIFT_EMIT_LOC_STRINGS = YES;
				SWIFT_VERSION = 5.0;
				TARGETED_DEVICE_FAMILY = "1,2";
			};
			name = Release;
		};
/* End XCBuildConfiguration section */

/* Begin XCConfigurationList section */
		04F255492B50257F00B4C618 /* Build configuration list for PBXProject "AirbnbClone" */ = {
			isa = XCConfigurationList;
			buildConfigurations = (
				04F2555A2B50258000B4C618 /* Debug */,
				04F2555B2B50258000B4C618 /* Release */,
			);
			defaultConfigurationIsVisible = 0;
			defaultConfigurationName = Release;
		};
		04F2555C2B50258000B4C618 /* Build configuration list for PBXNativeTarget "AirbnbClone" */ = {
			isa = XCConfigurationList;
			buildConfigurations = (
				04F2555D2B50258000B4C618 /* Debug */,
				04F2555E2B50258000B4C618 /* Release */,
			);
			defaultConfigurationIsVisible = 0;
			defaultConfigurationName = Release;
		};
/* End XCConfigurationList section */
	};
	rootObject = 04F255462B50257F00B4C618 /* Project object */;
}
